// !$*UTF8*$!
{
	archiveVersion = 1;
	classes = {
	};
	objectVersion = 56;
	objects = {

/* Begin PBXBuildFile section */
		A10001001A1B1C1D1E1F2000 /* VoiceAgentApp.swift in Sources */ = {isa = PBXBuildFile; fileRef = A10001001A1B1C1D1E1F1000 /* VoiceAgentApp.swift */; };
		A10001021A1B1C1D1E1F2000 /* ContentView.swift in Sources */ = {isa = PBXBuildFile; fileRef = A10001011A1B1C1D1E1F1000 /* ContentView.swift */; };
		A10001041A1B1C1D1E1F2000 /* Assets.xcassets in Resources */ = {isa = PBXBuildFile; fileRef = A10001031A1B1C1D1E1F1000 /* Assets.xcassets */; };
		A10001071A1B1C1D1E1F2000 /* Preview Assets.xcassets in Resources */ = {isa = PBXBuildFile; fileRef = A10001061A1B1C1D1E1F1000 /* Preview Assets.xcassets */; };
		A10001101A1B1C1D1E1F2000 /* AudioManager.swift in Sources */ = {isa = PBXBuildFile; fileRef = A10001091A1B1C1D1E1F1000 /* AudioManager.swift */; };
		A10001111A1B1C1D1E1F2000 /* ScreenManager.swift in Sources */ = {isa = PBXBuildFile; fileRef = A1000110AA1B1C1D1E1F1000 /* ScreenManager.swift */; };
		A10001121A1B1C1D1E1F2000 /* AIProviderManager.swift in Sources */ = {isa = PBXBuildFile; fileRef = A1000111BB1B1C1D1E1F1000 /* AIProviderManager.swift */; };
		A10001131A1B1C1D1E1F2000 /* SystemController.swift in Sources */ = {isa = PBXBuildFile; fileRef = A1000112CC1B1C1D1E1F1000 /* SystemController.swift */; };
		A10001141A1B1C1D1E1F2000 /* VoiceAgent.swift in Sources */ = {isa = PBXBuildFile; fileRef = A1000113DD1B1C1D1E1F1000 /* VoiceAgent.swift */; };
		A10001151A1B1C1D1E1F2000 /* ConfigurationView.swift in Sources */ = {isa = PBXBuildFile; fileRef = A1000114EE1B1C1D1E1F1000 /* ConfigurationView.swift */; };
		A10001161A1B1C1D1E1F2000 /* VoiceFeedbackManager.swift in Sources */ = {isa = PBXBuildFile; fileRef = A1000115FF1B1C1D1E1F1000 /* VoiceFeedbackManager.swift */; };
		A10001171A1B1C1D1E1F2000 /* VisionManager.swift in Sources */ = {isa = PBXBuildFile; fileRef = A1000116001B1C1D1E1F1000 /* VisionManager.swift */; };
		A10001181A1B1C1D1E1F2000 /* GeminiProvider.swift in Sources */ = {isa = PBXBuildFile; fileRef = A1000117112B1C1D1E1F1000 /* GeminiProvider.swift */; };
		A10001191A1B1C1D1E1F2000 /* GeminiLiveAPIManager.swift in Sources */ = {isa = PBXBuildFile; fileRef = A1000118223B1C1D1E1F1000 /* GeminiLiveAPIManager.swift */; };
/* End PBXBuildFile section */

/* Begin PBXFileReference section */
		A10000FD1A1B1C1D1E1F2000 /* VoiceAgent.app */ = {isa = PBXFileReference; explicitFileType = wrapper.application; includeInIndex = 0; path = VoiceAgent.app; sourceTree = BUILT_PRODUCTS_DIR; };
		A10001001A1B1C1D1E1F1000 /* VoiceAgentApp.swift */ = {isa = PBXFileReference; lastKnownFileType = sourcecode.swift; path = VoiceAgentApp.swift; sourceTree = "<group>"; };
		A10001011A1B1C1D1E1F1000 /* ContentView.swift */ = {isa = PBXFileReference; lastKnownFileType = sourcecode.swift; path = ContentView.swift; sourceTree = "<group>"; };
		A10001031A1B1C1D1E1F1000 /* Assets.xcassets */ = {isa = PBXFileReference; lastKnownFileType = folder.assetcatalog; path = Assets.xcassets; sourceTree = "<group>"; };
		A10001061A1B1C1D1E1F1000 /* Preview Assets.xcassets */ = {isa = PBXFileReference; lastKnownFileType = folder.assetcatalog; path = "Preview Assets.xcassets"; sourceTree = "<group>"; };
		A10001081A1B1C1D1E1F1000 /* VoiceAgent.entitlements */ = {isa = PBXFileReference; lastKnownFileType = text.plist.entitlements; path = VoiceAgent.entitlements; sourceTree = "<group>"; };
		A10001091A1B1C1D1E1F1000 /* AudioManager.swift */ = {isa = PBXFileReference; lastKnownFileType = sourcecode.swift; path = AudioManager.swift; sourceTree = "<group>"; };
		A1000110AA1B1C1D1E1F1000 /* ScreenManager.swift */ = {isa = PBXFileReference; lastKnownFileType = sourcecode.swift; path = ScreenManager.swift; sourceTree = "<group>"; };
		A1000111BB1B1C1D1E1F1000 /* AIProviderManager.swift */ = {isa = PBXFileReference; lastKnownFileType = sourcecode.swift; path = AIProviderManager.swift; sourceTree = "<group>"; };
		A1000112CC1B1C1D1E1F1000 /* SystemController.swift */ = {isa = PBXFileReference; lastKnownFileType = sourcecode.swift; path = SystemController.swift; sourceTree = "<group>"; };
		A1000113DD1B1C1D1E1F1000 /* VoiceAgent.swift */ = {isa = PBXFileReference; lastKnownFileType = sourcecode.swift; path = VoiceAgent.swift; sourceTree = "<group>"; };
		A1000114EE1B1C1D1E1F1000 /* ConfigurationView.swift */ = {isa = PBXFileReference; lastKnownFileType = sourcecode.swift; path = ConfigurationView.swift; sourceTree = "<group>"; };
		A1000115FF1B1C1D1E1F1000 /* VoiceFeedbackManager.swift */ = {isa = PBXFileReference; lastKnownFileType = sourcecode.swift; path = VoiceFeedbackManager.swift; sourceTree = "<group>"; };
		A1000116001B1C1D1E1F1000 /* VisionManager.swift */ = {isa = PBXFileReference; lastKnownFileType = sourcecode.swift; path = VisionManager.swift; sourceTree = "<group>"; };
		A1000117112B1C1D1E1F1000 /* GeminiProvider.swift */ = {isa = PBXFileReference; lastKnownFileType = sourcecode.swift; path = GeminiProvider.swift; sourceTree = "<group>"; };
		A1000118223B1C1D1E1F1000 /* GeminiLiveAPIManager.swift */ = {isa = PBXFileReference; lastKnownFileType = sourcecode.swift; path = GeminiLiveAPIManager.swift; sourceTree = "<group>"; };
/* End PBXFileReference section */

/* Begin PBXFrameworksBuildPhase section */
		A10000FA1A1B1C1D1E1F2000 /* Frameworks */ = {
			isa = PBXFrameworksBuildPhase;
			buildActionMask = 2147483647;
			files = (
			);
			runOnlyForDeploymentPostprocessing = 0;
		};
/* End PBXFrameworksBuildPhase section */

/* Begin PBXGroup section */
		A10000F41A1B1C1D1E1F2000 = {
			isa = PBXGroup;
			children = (
				A10000FF1A1B1C1D1E1F2000 /* VoiceAgent */,
				A10000FE1A1B1C1D1E1F2000 /* Products */,
			);
			sourceTree = "<group>";
		};
		A10000FE1A1B1C1D1E1F2000 /* Products */ = {
			isa = PBXGroup;
			children = (
				A10000FD1A1B1C1D1E1F2000 /* VoiceAgent.app */,
			);
			name = Products;
			sourceTree = "<group>";
		};
		A10000FF1A1B1C1D1E1F2000 /* VoiceAgent */ = {
			isa = PBXGroup;
			children = (
				A10001001A1B1C1D1E1F1000 /* VoiceAgentApp.swift */,
				A10001011A1B1C1D1E1F1000 /* ContentView.swift */,
				A1000114EE1B1C1D1E1F1000 /* ConfigurationView.swift */,
				A1000113DD1B1C1D1E1F1000 /* VoiceAgent.swift */,
				A10001091A1B1C1D1E1F1000 /* AudioManager.swift */,
				A1000110AA1B1C1D1E1F1000 /* ScreenManager.swift */,
				A1000111BB1B1C1D1E1F1000 /* AIProviderManager.swift */,
				A1000112CC1B1C1D1E1F1000 /* SystemController.swift */,
				A1000115FF1B1C1D1E1F1000 /* VoiceFeedbackManager.swift */,
				A1000116001B1C1D1E1F1000 /* VisionManager.swift */,
				A1000117112B1C1D1E1F1000 /* GeminiProvider.swift */,
				A1000118223B1C1D1E1F1000 /* GeminiLiveAPIManager.swift */,
				A10001031A1B1C1D1E1F1000 /* Assets.xcassets */,
				A10001081A1B1C1D1E1F1000 /* VoiceAgent.entitlements */,
				A10001051A1B1C1D1E1F2000 /* Preview Content */,
			);
			path = VoiceAgent;
			sourceTree = "<group>";
		};
		A10001051A1B1C1D1E1F2000 /* Preview Content */ = {
			isa = PBXGroup;
			children = (
				A10001061A1B1C1D1E1F1000 /* Preview Assets.xcassets */,
			);
			path = "Preview Content";
			sourceTree = "<group>";
		};
/* End PBXGroup section */

/* Begin PBXNativeTarget section */
		A10000FC1A1B1C1D1E1F2000 /* VoiceAgent */ = {
			isa = PBXNativeTarget;
			buildConfigurationList = A1000110B1A1B1C1D1E1F2000 /* Build configuration list for PBXNativeTarget "VoiceAgent" */;
			buildPhases = (
				A10000F91A1B1C1D1E1F2000 /* Sources */,
				A10000FA1A1B1C1D1E1F2000 /* Frameworks */,
				A10000FB1A1B1C1D1E1F2000 /* Resources */,
			);
			buildRules = (
			);
			dependencies = (
			);
			name = VoiceAgent;
			productName = VoiceAgent;
			productReference = A10000FD1A1B1C1D1E1F2000 /* VoiceAgent.app */;
			productType = "com.apple.product-type.application";
		};
/* End PBXNativeTarget section */

/* Begin PBXProject section */
		A10000F51A1B1C1D1E1F2000 /* Project object */ = {
			isa = PBXProject;
			attributes = {
				BuildIndependentTargetsInParallel = 1;
				LastSwiftUpdateCheck = 1540;
				LastUpgradeCheck = 1540;
				TargetAttributes = {
					A10000FC1A1B1C1D1E1F2000 = {
						CreatedOnToolsVersion = 15.4;
					};
				};
			};
			buildConfigurationList = A10000F81A1B1C1D1E1F2000 /* Build configuration list for PBXProject "VoiceAgent" */;
			compatibilityVersion = "Xcode 14.0";
			developmentRegion = en;
			hasScannedForEncodings = 0;
			knownRegions = (
				en,
				Base,
			);
			mainGroup = A10000F41A1B1C1D1E1F2000;
			productRefGroup = A10000FE1A1B1C1D1E1F2000 /* Products */;
			projectDirPath = "";
			projectRoot = "";
			targets = (
				A10000FC1A1B1C1D1E1F2000 /* VoiceAgent */,
			);
		};
/* End PBXProject section */

/* Begin PBXResourcesBuildPhase section */
		A10000FB1A1B1C1D1E1F2000 /* Resources */ = {
			isa = PBXResourcesBuildPhase;
			buildActionMask = 2147483647;
			files = (
				A10001071A1B1C1D1E1F2000 /* Preview Assets.xcassets in Resources */,
				A10001041A1B1C1D1E1F2000 /* Assets.xcassets in Resources */,
			);
			runOnlyForDeploymentPostprocessing = 0;
		};
/* End PBXResourcesBuildPhase section */

/* Begin PBXSourcesBuildPhase section */
		A10000F91A1B1C1D1E1F2000 /* Sources */ = {
			isa = PBXSourcesBuildPhase;
			buildActionMask = 2147483647;
			files = (
				A10001021A1B1C1D1E1F2000 /* ContentView.swift in Sources */,
				A10001101A1B1C1D1E1F2000 /* AudioManager.swift in Sources */,
				A10001111A1B1C1D1E1F2000 /* ScreenManager.swift in Sources */,
				A10001121A1B1C1D1E1F2000 /* AIProviderManager.swift in Sources */,
				A10001131A1B1C1D1E1F2000 /* SystemController.swift in Sources */,
				A10001141A1B1C1D1E1F2000 /* VoiceAgent.swift in Sources */,
				A10001151A1B1C1D1E1F2000 /* ConfigurationView.swift in Sources */,
				A10001161A1B1C1D1E1F2000 /* VoiceFeedbackManager.swift in Sources */,
				A10001171A1B1C1D1E1F2000 /* VisionManager.swift in Sources */,
				A10001181A1B1C1D1E1F2000 /* GeminiProvider.swift in Sources */,
				A10001191A1B1C1D1E1F2000 /* GeminiLiveAPIManager.swift in Sources */,
				A10001001A1B1C1D1E1F2000 /* VoiceAgentApp.swift in Sources */,
			);
			runOnlyForDeploymentPostprocessing = 0;
		};
/* End PBXSourcesBuildPhase section */

/* Begin XCBuildConfiguration section */
		A10001091A1B1C1D1E1F2000 /* Debug */ = {
			isa = XCBuildConfiguration;
			buildSettings = {
				ALWAYS_SEARCH_USER_PATHS = NO;
				ASSETCATALOG_COMPILER_GENERATE_SWIFT_ASSET_SYMBOL_EXTENSIONS = YES;
				CLANG_ANALYZER_NONNULL = YES;
				CLANG_ANALYZER_NUMBER_OBJECT_CONVERSION = YES_AGGRESSIVE;
				CLANG_CXX_LANGUAGE_STANDARD = "gnu++20";
				CLANG_ENABLE_MODULES = YES;
				CLANG_ENABLE_OBJC_ARC = YES;
				CLANG_ENABLE_OBJC_WEAK = YES;
				CLANG_WARN_BLOCK_CAPTURE_AUTORELEASING = YES;
				CLANG_WARN_BOOL_CONVERSION = YES;
				CLANG_WARN_COMMA = YES;
				CLANG_WARN_CONSTANT_CONVERSION = YES;
				CLANG_WARN_DEPRECATED_OBJC_IMPLEMENTATIONS = YES;
				CLANG_WARN_DIRECT_OBJC_ISA_USAGE = YES_ERROR;
				CLANG_WARN_DOCUMENTATION_COMMENTS = YES;
				CLANG_WARN_EMPTY_BODY = YES;
				CLANG_WARN_ENUM_CONVERSION = YES;
				CLANG_WARN_INFINITE_RECURSION = YES;
				CLANG_WARN_INT_CONVERSION = YES;
				CLANG_WARN_NON_LITERAL_NULL_CONVERSION = YES;
				CLANG_WARN_OBJC_IMPLICIT_RETAIN_SELF = YES;
				CLANG_WARN_OBJC_LITERAL_CONVERSION = YES;
				CLANG_WARN_OBJC_ROOT_CLASS = YES_ERROR;
				CLANG_WARN_QUOTED_INCLUDE_IN_FRAMEWORK_HEADER = YES;
				CLANG_WARN_RANGE_LOOP_ANALYSIS = YES;
				CLANG_WARN_STRICT_PROTOTYPES = YES;
				CLANG_WARN_SUSPICIOUS_MOVE = YES;
				CLANG_WARN_UNGUARDED_AVAILABILITY = YES_AGGRESSIVE;
				CLANG_WARN_UNREACHABLE_CODE = YES;
				CLANG_WARN__DUPLICATE_METHOD_MATCH = YES;
				COPY_PHASE_STRIP = NO;
				DEBUG_INFORMATION_FORMAT = dwarf;
				ENABLE_STRICT_OBJC_MSGSEND = YES;
				ENABLE_TESTABILITY = YES;
				ENABLE_USER_SCRIPT_SANDBOXING = YES;
				GCC_C_LANGUAGE_STANDARD = gnu17;
				GCC_DYNAMIC_NO_PIC = NO;
				GCC_NO_COMMON_BLOCKS = YES;
				GCC_OPTIMIZATION_LEVEL = 0;
				GCC_PREPROCESSOR_DEFINITIONS = (
					"DEBUG=1",
					"$(inherited)",
				);
				GCC_WARN_64_TO_32_BIT_CONVERSION = YES;
				GCC_WARN_ABOUT_RETURN_TYPE = YES_ERROR;
				GCC_WARN_UNDECLARED_SELECTOR = YES;
				GCC_WARN_UNINITIALIZED_AUTOS = YES_AGGRESSIVE;
				GCC_WARN_UNUSED_FUNCTION = YES;
				GCC_WARN_UNUSED_VARIABLE = YES;
				LOCALIZATION_PREFERS_STRING_CATALOGS = YES;
				MACOSX_DEPLOYMENT_TARGET = 14.0;
				MTL_ENABLE_DEBUG_INFO = INCLUDE_SOURCE;
				MTL_FAST_MATH = YES;
				ONLY_ACTIVE_ARCH = YES;
				SDKROOT = macosx;
				SWIFT_ACTIVE_COMPILATION_CONDITIONS = "DEBUG $(inherited)";
				SWIFT_OPTIMIZATION_LEVEL = "-Onone";
			};
			name = Debug;
		};
		A1000110A1A1B1C1D1E1F2000 /* Release */ = {
			isa = XCBuildConfiguration;
			buildSettings = {
				ALWAYS_SEARCH_USER_PATHS = NO;
				ASSETCATALOG_COMPILER_GENERATE_SWIFT_ASSET_SYMBOL_EXTENSIONS = YES;
				CLANG_ANALYZER_NONNULL = YES;
				CLANG_ANALYZER_NUMBER_OBJECT_CONVERSION = YES_AGGRESSIVE;
				CLANG_CXX_LANGUAGE_STANDARD = "gnu++20";
				CLANG_ENABLE_MODULES = YES;
				CLANG_ENABLE_OBJC_ARC = YES;
				CLANG_ENABLE_OBJC_WEAK = YES;
				CLANG_WARN_BLOCK_CAPTURE_AUTORELEASING = YES;
				CLANG_WARN_BOOL_CONVERSION = YES;
				CLANG_WARN_COMMA = YES;
				CLANG_WARN_CONSTANT_CONVERSION = YES;
				CLANG_WARN_DEPRECATED_OBJC_IMPLEMENTATIONS = YES;
				CLANG_WARN_DIRECT_OBJC_ISA_USAGE = YES_ERROR;
				CLANG_WARN_DOCUMENTATION_COMMENTS = YES;
				CLANG_WARN_EMPTY_BODY = YES;
				CLANG_WARN_ENUM_CONVERSION = YES;
				CLANG_WARN_INFINITE_RECURSION = YES;
				CLANG_WARN_INT_CONVERSION = YES;
				CLANG_WARN_NON_LITERAL_NULL_CONVERSION = YES;
				CLANG_WARN_OBJC_IMPLICIT_RETAIN_SELF = YES;
				CLANG_WARN_OBJC_LITERAL_CONVERSION = YES;
				CLANG_WARN_OBJC_ROOT_CLASS = YES_ERROR;
				CLANG_WARN_QUOTED_INCLUDE_IN_FRAMEWORK_HEADER = YES;
				CLANG_WARN_RANGE_LOOP_ANALYSIS = YES;
				CLANG_WARN_STRICT_PROTOTYPES = YES;
				CLANG_WARN_SUSPICIOUS_MOVE = YES;
				CLANG_WARN_UNGUARDED_AVAILABILITY = YES_AGGRESSIVE;
				CLANG_WARN_UNREACHABLE_CODE = YES;
				CLANG_WARN__DUPLICATE_METHOD_MATCH = YES;
				COPY_PHASE_STRIP = NO;
				DEBUG_INFORMATION_FORMAT = "dwarf-with-dsym";
				ENABLE_NS_ASSERTIONS = NO;
				ENABLE_STRICT_OBJC_MSGSEND = YES;
				ENABLE_USER_SCRIPT_SANDBOXING = YES;
				GCC_C_LANGUAGE_STANDARD = gnu17;
				GCC_NO_COMMON_BLOCKS = YES;
				GCC_WARN_64_TO_32_BIT_CONVERSION = YES;
				GCC_WARN_ABOUT_RETURN_TYPE = YES_ERROR;
				GCC_WARN_UNDECLARED_SELECTOR = YES;
				GCC_WARN_UNINITIALIZED_AUTOS = YES_AGGRESSIVE;
				GCC_WARN_UNUSED_FUNCTION = YES;
				GCC_WARN_UNUSED_VARIABLE = YES;
				LOCALIZATION_PREFERS_STRING_CATALOGS = YES;
				MACOSX_DEPLOYMENT_TARGET = 14.0;
				MTL_ENABLE_DEBUG_INFO = NO;
				MTL_FAST_MATH = YES;
				SDKROOT = macosx;
				SWIFT_COMPILATION_MODE = wholemodule;
			};
			name = Release;
		};
		A1000110C1A1B1C1D1E1F2000 /* Debug */ = {
			isa = XCBuildConfiguration;
			buildSettings = {
				ASSETCATALOG_COMPILER_APPICON_NAME = AppIcon;
				ASSETCATALOG_COMPILER_GLOBAL_ACCENT_COLOR_NAME = AccentColor;
				CODE_SIGN_ENTITLEMENTS = VoiceAgent/VoiceAgent.entitlements;
				CODE_SIGN_STYLE = Automatic;
				COMBINE_HIDPI_IMAGES = YES;
				CURRENT_PROJECT_VERSION = 1;
				DEVELOPMENT_ASSET_PATHS = "\"VoiceAgent/Preview Content\"";
				ENABLE_PREVIEWS = YES;
				GENERATE_INFOPLIST_FILE = YES;
				INFOPLIST_KEY_CFBundleDisplayName = "Voice Agent";
				INFOPLIST_KEY_LSApplicationCategoryType = "public.app-category.productivity";
				INFOPLIST_KEY_NSHumanReadableCopyright = "";
				INFOPLIST_KEY_NSMicrophoneUsageDescription = "Voice Agent needs microphone access to listen to your voice commands.";
				INFOPLIST_KEY_NSScreenCaptureUsageDescription = "Voice Agent needs screen access to monitor and interact with your Mac.";
				INFOPLIST_KEY_NSSpeechRecognitionUsageDescription = "Voice Agent needs speech recognition to understand your voice commands.";
				LD_RUNPATH_SEARCH_PATHS = (
					"$(inherited)",
					"@executable_path/../Frameworks",
				);
				MARKETING_VERSION = 1.0;
				PRODUCT_BUNDLE_IDENTIFIER = com.voiceagent.app;
				PRODUCT_NAME = "$(TARGET_NAME)";
				SWIFT_EMIT_LOC_STRINGS = YES;
				SWIFT_VERSION = 5.0;
			};
			name = Debug;
		};
		A1000110D1A1B1C1D1E1F2000 /* Release */ = {
			isa = XCBuildConfiguration;
			buildSettings = {
				ASSETCATALOG_COMPILER_APPICON_NAME = AppIcon;
				ASSETCATALOG_COMPILER_GLOBAL_ACCENT_COLOR_NAME = AccentColor;
				CODE_SIGN_ENTITLEMENTS = VoiceAgent/VoiceAgent.entitlements;
				CODE_SIGN_STYLE = Automatic;
				COMBINE_HIDPI_IMAGES = YES;
				CURRENT_PROJECT_VERSION = 1;
				DEVELOPMENT_ASSET_PATHS = "\"VoiceAgent/Preview Content\"";
				ENABLE_PREVIEWS = YES;
				GENERATE_INFOPLIST_FILE = YES;
				INFOPLIST_KEY_CFBundleDisplayName = "Voice Agent";
				INFOPLIST_KEY_LSApplicationCategoryType = "public.app-category.productivity";
				INFOPLIST_KEY_NSHumanReadableCopyright = "";
				INFOPLIST_KEY_NSMicrophoneUsageDescription = "Voice Agent needs microphone access to listen to your voice commands.";
				INFOPLIST_KEY_NSScreenCaptureUsageDescription = "Voice Agent needs screen access to monitor and interact with your Mac.";
				INFOPLIST_KEY_NSSpeechRecognitionUsageDescription = "Voice Agent needs speech recognition to understand your voice commands.";
				LD_RUNPATH_SEARCH_PATHS = (
					"$(inherited)",
					"@executable_path/../Frameworks",
				);
				MARKETING_VERSION = 1.0;
				PRODUCT_BUNDLE_IDENTIFIER = com.voiceagent.app;
				PRODUCT_NAME = "$(TARGET_NAME)";
				SWIFT_EMIT_LOC_STRINGS = YES;
				SWIFT_VERSION = 5.0;
			};
			name = Release;
		};
/* End XCBuildConfiguration section */

/* Begin XCConfigurationList section */
		A10000F81A1B1C1D1E1F2000 /* Build configuration list for PBXProject "VoiceAgent" */ = {
			isa = XCConfigurationList;
			buildConfigurations = (
				A10001091A1B1C1D1E1F2000 /* Debug */,
				A1000110A1A1B1C1D1E1F2000 /* Release */,
			);
			defaultConfigurationIsVisible = 0;
			defaultConfigurationName = Release;
		};
		A1000110B1A1B1C1D1E1F2000 /* Build configuration list for PBXNativeTarget "VoiceAgent" */ = {
			isa = XCConfigurationList;
			buildConfigurations = (
				A1000110C1A1B1C1D1E1F2000 /* Debug */,
				A1000110D1A1B1C1D1E1F2000 /* Release */,
			);
			defaultConfigurationIsVisible = 0;
			defaultConfigurationName = Release;
		};
/* End XCConfigurationList section */
	};
	rootObject = A10000F51A1B1C1D1E1F2000 /* Project object */;
}